# Regenerate with: uv pip compile pyproject.toml -o requirements.lock
#
# This file was autogenerated by uv via the following command:
#    uv pip compile pyproject.toml -o requirements.lock
certifi==2026.2.25
    # via requests
charset-normalizer==3.4.6
    # via requests
idna==3.11
    # via requests
kagglesdk==0.1.16
    # via kagglehub (pyproject.toml)
packaging==26.0
    # via kagglehub (pyproject.toml)
protobuf==7.34.1
    # via kagglesdk
pyyaml==6.0.3
    # via kagglehub (pyproject.toml)
requests==2.33.1
    # via
    #   kagglehub (pyproject.toml)
    #   kagglesdk
tqdm==4.67.3
    # via kagglehub (pyproject.toml)
urllib3==2.6.3
    # via requests
